
Microsoft Visual Studio Solution File, Format Version 12.00
# Visual Studio 14
VisualStudioVersion = 14.0.24720.0
MinimumVisualStudioVersion = 10.0.40219.1
Project("{FAE04EC0-301F-11D3-BF4B-00C04F79EFBC}") = "MaxBootstrap.Core", "MaxBootstrap.Core\MaxBootstrap.Core.csproj", "{3A3EF4BD-9521-407C-AC79-E734F3B811E2}"
EndProject
Project("{930C7802-8A8C-48F9-8165-68863BCCD9DD}") = "TestMSI", "TestMSI\TestMSI.wixproj", "{958E3D18-DF65-46A1-9288-42E01DD62E95}"
EndProject
Project("{930C7802-8A8C-48F9-8165-68863BCCD9DD}") = "TestBootstrapper", "TestBootstrapper\TestBootstrapper.wixproj", "{D66AF14B-BA4C-4161-8E0C-66EF2CE2C999}"
EndProject
Project("{FAE04EC0-301F-11D3-BF4B-00C04F79EFBC}") = "MaxBootstrapper.Test.UI", "MaxBootstrapper.Test.UI\MaxBootstrapper.Test.UI.csproj", "{3D363840-DA72-4E3B-97DC-36CD9F2A2B06}"
EndProject
Project("{2150E333-8FDC-42A3-9474-1A3956D46DE8}") = "Tests", "Tests", "{0DC71E74-B0BB-4CF6-B888-BB2518C30A88}"
EndProject
Project("{FAE04EC0-301F-11D3-BF4B-00C04F79EFBC}") = "Bootstrap.Core.UnitTests", "Bootstrap.Core.UnitTests\Bootstrap.Core.UnitTests.csproj", "{BDE25C5C-9C46-4D24-8788-78614150113C}"
EndProject
Global
	GlobalSection(SolutionConfigurationPlatforms) = preSolution
		Debug|Any CPU = Debug|Any CPU
		Debug|x86 = Debug|x86
		Release|Any CPU = Release|Any CPU
		Release|x86 = Release|x86
	EndGlobalSection
	GlobalSection(ProjectConfigurationPlatforms) = postSolution
		{3A3EF4BD-9521-407C-AC79-E734F3B811E2}.Debug|Any CPU.ActiveCfg = Debug|Any CPU
		{3A3EF4BD-9521-407C-AC79-E734F3B811E2}.Debug|Any CPU.Build.0 = Debug|Any CPU
		{3A3EF4BD-9521-407C-AC79-E734F3B811E2}.Debug|x86.ActiveCfg = Debug|Any CPU
		{3A3EF4BD-9521-407C-AC79-E734F3B811E2}.Debug|x86.Build.0 = Debug|Any CPU
		{3A3EF4BD-9521-407C-AC79-E734F3B811E2}.Release|Any CPU.ActiveCfg = Release|Any CPU
		{3A3EF4BD-9521-407C-AC79-E734F3B811E2}.Release|Any CPU.Build.0 = Release|Any CPU
		{3A3EF4BD-9521-407C-AC79-E734F3B811E2}.Release|x86.ActiveCfg = Release|Any CPU
		{3A3EF4BD-9521-407C-AC79-E734F3B811E2}.Release|x86.Build.0 = Release|Any CPU
		{958E3D18-DF65-46A1-9288-42E01DD62E95}.Debug|Any CPU.ActiveCfg = Debug|x86
		{958E3D18-DF65-46A1-9288-42E01DD62E95}.Debug|x86.ActiveCfg = Debug|x86
		{958E3D18-DF65-46A1-9288-42E01DD62E95}.Debug|x86.Build.0 = Debug|x86
		{958E3D18-DF65-46A1-9288-42E01DD62E95}.Release|Any CPU.ActiveCfg = Release|x86
		{958E3D18-DF65-46A1-9288-42E01DD62E95}.Release|x86.ActiveCfg = Release|x86
		{958E3D18-DF65-46A1-9288-42E01DD62E95}.Release|x86.Build.0 = Release|x86
		{D66AF14B-BA4C-4161-8E0C-66EF2CE2C999}.Debug|Any CPU.ActiveCfg = Debug|x86
		{D66AF14B-BA4C-4161-8E0C-66EF2CE2C999}.Debug|x86.ActiveCfg = Debug|x86
		{D66AF14B-BA4C-4161-8E0C-66EF2CE2C999}.Debug|x86.Build.0 = Debug|x86
		{D66AF14B-BA4C-4161-8E0C-66EF2CE2C999}.Release|Any CPU.ActiveCfg = Release|x86
		{D66AF14B-BA4C-4161-8E0C-66EF2CE2C999}.Release|x86.ActiveCfg = Release|x86
		{D66AF14B-BA4C-4161-8E0C-66EF2CE2C999}.Release|x86.Build.0 = Release|x86
		{3D363840-DA72-4E3B-97DC-36CD9F2A2B06}.Debug|Any CPU.ActiveCfg = Debug|Any CPU
		{3D363840-DA72-4E3B-97DC-36CD9F2A2B06}.Debug|Any CPU.Build.0 = Debug|Any CPU
		{3D363840-DA72-4E3B-97DC-36CD9F2A2B06}.Debug|x86.ActiveCfg = Debug|Any CPU
		{3D363840-DA72-4E3B-97DC-36CD9F2A2B06}.Debug|x86.Build.0 = Debug|Any CPU
		{3D363840-DA72-4E3B-97DC-36CD9F2A2B06}.Release|Any CPU.ActiveCfg = Release|Any CPU
		{3D363840-DA72-4E3B-97DC-36CD9F2A2B06}.Release|Any CPU.Build.0 = Release|Any CPU
		{3D363840-DA72-4E3B-97DC-36CD9F2A2B06}.Release|x86.ActiveCfg = Release|Any CPU
		{3D363840-DA72-4E3B-97DC-36CD9F2A2B06}.Release|x86.Build.0 = Release|Any CPU
		{BDE25C5C-9C46-4D24-8788-78614150113C}.Debug|Any CPU.ActiveCfg = Debug|Any CPU
		{BDE25C5C-9C46-4D24-8788-78614150113C}.Debug|Any CPU.Build.0 = Debug|Any CPU
		{BDE25C5C-9C46-4D24-8788-78614150113C}.Debug|x86.ActiveCfg = Debug|Any CPU
		{BDE25C5C-9C46-4D24-8788-78614150113C}.Debug|x86.Build.0 = Debug|Any CPU
		{BDE25C5C-9C46-4D24-8788-78614150113C}.Release|Any CPU.ActiveCfg = Release|Any CPU
		{BDE25C5C-9C46-4D24-8788-78614150113C}.Release|Any CPU.Build.0 = Release|Any CPU
		{BDE25C5C-9C46-4D24-8788-78614150113C}.Release|x86.ActiveCfg = Release|Any CPU
		{BDE25C5C-9C46-4D24-8788-78614150113C}.Release|x86.Build.0 = Release|Any CPU
	EndGlobalSection
	GlobalSection(SolutionProperties) = preSolution
		HideSolutionNode = FALSE
	EndGlobalSection
	GlobalSection(NestedProjects) = preSolution
		{BDE25C5C-9C46-4D24-8788-78614150113C} = {0DC71E74-B0BB-4CF6-B888-BB2518C30A88}
	EndGlobalSection
EndGlobal
